
Microsoft Visual Studio Solution File, Format Version 12.00
# Visual Studio Version 16
VisualStudioVersion = 16.0.31424.327
MinimumVisualStudioVersion = 10.0.40219.1
Project("{FAE04EC0-301F-11D3-BF4B-00C04F79EFBC}") = "WebStock_NET5", "WebStock_NET5\WebStock_NET5.csproj", "{43EF8661-CB45-47CC-87AF-213B1F4F9D82}"
EndProject
Global
	GlobalSection(SolutionConfigurationPlatforms) = preSolution
		Debug|Any CPU = Debug|Any CPU
		Release|Any CPU = Release|Any CPU
	EndGlobalSection
	GlobalSection(ProjectConfigurationPlatforms) = postSolution
		{43EF8661-CB45-47CC-87AF-213B1F4F9D82}.Debug|Any CPU.ActiveCfg = Debug|Any CPU
		{43EF8661-CB45-47CC-87AF-213B1F4F9D82}.Debug|Any CPU.Build.0 = Debug|Any CPU
		{43EF8661-CB45-47CC-87AF-213B1F4F9D82}.Release|Any CPU.ActiveCfg = Release|Any CPU
		{43EF8661-CB45-47CC-87AF-213B1F4F9D82}.Release|Any CPU.Build.0 = Release|Any CPU
	EndGlobalSection
	GlobalSection(SolutionProperties) = preSolution
		HideSolutionNode = FALSE
	EndGlobalSection
	GlobalSection(ExtensibilityGlobals) = postSolution
		SolutionGuid = {51211BAD-0549-4B80-B053-FD7CC1B92DB2}
	EndGlobalSection
EndGlobal
